
Microsoft Visual Studio Solution File, Format Version 12.00
# Visual Studio Version 17
VisualStudioVersion = 17.3.32929.385
MinimumVisualStudioVersion = 10.0.40219.1
Project("{888888A0-9F3D-457C-B088-3A5042F75D52}") = "Access modifiers account class (Python)", "Access modifiers account class (Python)\Access modifiers account class (Python).pyproj", "{104A8DD6-6D8C-42D9-A498-2F9D9264A3AA}"
EndProject
Global
	GlobalSection(SolutionConfigurationPlatforms) = preSolution
		Debug|Any CPU = Debug|Any CPU
		Release|Any CPU = Release|Any CPU
	EndGlobalSection
	GlobalSection(ProjectConfigurationPlatforms) = postSolution
		{104A8DD6-6D8C-42D9-A498-2F9D9264A3AA}.Debug|Any CPU.ActiveCfg = Debug|Any CPU
		{104A8DD6-6D8C-42D9-A498-2F9D9264A3AA}.Release|Any CPU.ActiveCfg = Release|Any CPU
	EndGlobalSection
	GlobalSection(SolutionProperties) = preSolution
		HideSolutionNode = FALSE
	EndGlobalSection
	GlobalSection(ExtensibilityGlobals) = postSolution
		SolutionGuid = {4C5737BB-85B3-4288-91B3-6DA5952CEC0A}
	EndGlobalSection
EndGlobal
